PODS:
  - Firebase/Core (4.3.0):
    - FirebaseAnalytics (= 4.0.4)
    - FirebaseCore (= 4.0.8)
  - Firebase/Database (4.3.0):
    - Firebase/Core
    - FirebaseDatabase (= 4.1.0)
  - firebase_database (0.0.1):
    - Firebase/Database
    - Flutter
  - FirebaseAnalytics (4.0.4):
    - FirebaseCore (~> 4.0)
    - FirebaseInstanceID (~> 2.0)
    - GoogleToolboxForMac/NSData+zlib (~> 2.1)
    - nanopb (~> 0.3)
  - FirebaseCore (4.0.8):
    - GoogleToolboxForMac/NSData+zlib (~> 2.1)
    - nanopb (~> 0.3)
  - FirebaseDatabase (4.1.0):
    - FirebaseAnalytics (~> 4.0)
    - FirebaseCore (~> 4.0)
    - leveldb-library (~> 1.18)
  - FirebaseInstanceID (2.0.4)
  - Flutter (1.0.0)
  - google_sign_in (0.0.1):
    - Flutter
    - GoogleSignIn (~> 4.0)
  - GoogleMaps (2.4.0):
    - GoogleMaps/Maps (= 2.4.0)
  - GoogleMaps/Base (2.4.0)
  - GoogleMaps/Maps (2.4.0):
    - GoogleMaps/Base
  - GoogleSignIn (4.1.0):
    - GoogleToolboxForMac/NSDictionary+URLArguments (~> 2.1)
    - GoogleToolboxForMac/NSString+URLArguments (~> 2.1)
    - GTMOAuth2 (~> 1.0)
    - GTMSessionFetcher/Core (~> 1.1)
  - GoogleToolboxForMac/DebugUtils (2.1.3):
    - GoogleToolboxForMac/Defines (= 2.1.3)
  - GoogleToolboxForMac/Defines (2.1.3)
  - GoogleToolboxForMac/NSData+zlib (2.1.3):
    - GoogleToolboxForMac/Defines (= 2.1.3)
  - GoogleToolboxForMac/NSDictionary+URLArguments (2.1.3):
    - GoogleToolboxForMac/DebugUtils (= 2.1.3)
    - GoogleToolboxForMac/Defines (= 2.1.3)
    - GoogleToolboxForMac/NSString+URLArguments (= 2.1.3)
  - GoogleToolboxForMac/NSString+URLArguments (2.1.3)
  - GTMOAuth2 (1.1.5):
    - GTMSessionFetcher (~> 1.1)
  - GTMSessionFetcher (1.1.12):
    - GTMSessionFetcher/Full (= 1.1.12)
  - GTMSessionFetcher/Core (1.1.12)
  - GTMSessionFetcher/Full (1.1.12):
    - GTMSessionFetcher/Core (= 1.1.12)
  - leveldb-library (1.18.3)
  - map_view (0.0.1):
    - Flutter
    - GoogleMaps
  - nanopb (0.3.8):
    - nanopb/decode (= 0.3.8)
    - nanopb/encode (= 0.3.8)
  - nanopb/decode (0.3.8)
  - nanopb/encode (0.3.8)

DEPENDENCIES:
  - firebase_database (from `/Users/manojn/.pub-cache/hosted/pub.dartlang.org/firebase_database-0.1.2/ios`)
  - Flutter (from `/Users/manojn/Documents/flutter_SDK/flutter/bin/cache/artifacts/engine/ios`)
  - google_sign_in (from `/Users/manojn/.pub-cache/hosted/pub.dartlang.org/google_sign_in-1.0.1/ios`)
  - map_view (from `/Users/manojn/.pub-cache/git/flutter_google_map_view-8cea04eeca290bdb407cbea23ac5d496dc418c5f/ios`)

EXTERNAL SOURCES:
  firebase_database:
    :path: /Users/manojn/.pub-cache/hosted/pub.dartlang.org/firebase_database-0.1.2/ios
  Flutter:
    :path: /Users/manojn/Documents/flutter_SDK/flutter/bin/cache/artifacts/engine/ios
  google_sign_in:
    :path: /Users/manojn/.pub-cache/hosted/pub.dartlang.org/google_sign_in-1.0.1/ios
  map_view:
    :path: /Users/manojn/.pub-cache/git/flutter_google_map_view-8cea04eeca290bdb407cbea23ac5d496dc418c5f/ios

SPEC CHECKSUMS:
  Firebase: 83283761a1ef6dc9846e03d08059f51421afbd65
  firebase_database: 8d50f5c188b769afc186b0a700b2c6cdb8208df9
  FirebaseAnalytics: 722b53c7b32bfc7806b06e0093a2f5180d4f2c5a
  FirebaseCore: 69b1a5ac5f857ba6d5fd9d5fe794f4786dd5e579
  FirebaseDatabase: 607284a103e961d7f5863ee603cab5e85f443bd6
  FirebaseInstanceID: 70c2b877e9338971b2429ea5a4293df6961aa44e
  Flutter: d674e78c937094a75ac71dd77e921e840bea3dbf
  google_sign_in: 24ea34feed2d7d04e957cd1c4daf063c488532c2
  GoogleMaps: 8436ab5d1c25e36915b2f7416d0c8e3fa2e76c61
  GoogleSignIn: 8c599fc10d25b2af86a3f82fd9631e863f2b1400
  GoogleToolboxForMac: 2501e2ad72a52eb3dfe7bd9aee7dad11b858bd20
  GTMOAuth2: be83fd28d63ae3087e7d351b1f39c1a7e24ab6e7
  GTMSessionFetcher: ebaa1f79a5366922c1735f1566901f50beba23b7
  leveldb-library: 10fb39c39e243db4af1828441162405bbcec1404
  map_view: 2cc7fe6d6e9b9b158c46383ebca44e2d1b09abb8
  nanopb: 5601e6bca2dbf1ed831b519092ec110f66982ca3

PODFILE CHECKSUM: 351e02e34b831289961ec3558a535cbd2c4965d2

COCOAPODS: 1.3.1
